{
  "name": "sudoku",
  "version": "1.0.0",
  "lockfileVersion": 1,
  "requires": true,
  "dependencies": {
    "gitbook-plugin-back-to-top-button": {
      "version": "0.1.4",
      "resolved": "https://registry.npmjs.org/gitbook-plugin-back-to-top-button/-/gitbook-plugin-back-to-top-button-0.1.4.tgz",
      "integrity": "sha1-5iGDOLDvGdWOb2YAmUNQt26ANd8="
    },
    "gitbook-plugin-expandable-chapters-small": {
      "version": "0.1.7",
      "resolved": "https://registry.npmjs.org/gitbook-plugin-expandable-chapters-small/-/gitbook-plugin-expandable-chapters-small-0.1.7.tgz",
      "integrity": "sha1-r8nll7aFEVb6ewAjH/irk/T+ukw="
    }
  }
}
